// !$*UTF8*$!
{
	archiveVersion = 1;
	classes = {
	};
	objectVersion = 56;
	objects = {

/* Begin PBXBuildFile section */
		7F0E373E29D3BAD9008D51A3 /* IngredientListView.swift in Sources */ = {isa = PBXBuildFile; fileRef = 7F0E373D29D3BAD9008D51A3 /* IngredientListView.swift */; };
		7F23342329E0ABCD006EAF6F /* ItemDetailView.swift in Sources */ = {isa = PBXBuildFile; fileRef = 7F23342229E0ABCD006EAF6F /* ItemDetailView.swift */; };
		7F23342529E0BF2D006EAF6F /* IngredientBadge.swift in Sources */ = {isa = PBXBuildFile; fileRef = 7F23342429E0BF2D006EAF6F /* IngredientBadge.swift */; };
		7F43560D29E1EBCF00E54A64 /* Search.swift in Sources */ = {isa = PBXBuildFile; fileRef = 7F43560C29E1EBCF00E54A64 /* Search.swift */; };
		7F57296629CF9B54004CBE7A /* DeliverableTests.swift in Sources */ = {isa = PBXBuildFile; fileRef = 7F57296529CF9B54004CBE7A /* DeliverableTests.swift */; };
		7F57297329CFAE1F004CBE7A /* ScanTextTests.swift in Sources */ = {isa = PBXBuildFile; fileRef = 7F57297229CFAE1F004CBE7A /* ScanTextTests.swift */; };
		7F576BAA2A1C111400169C2B /* Leve.swift in Sources */ = {isa = PBXBuildFile; fileRef = 7F576BA92A1C111400169C2B /* Leve.swift */; };
		7F576BAC2A1C11C200169C2B /* ClassJobCategory.swift in Sources */ = {isa = PBXBuildFile; fileRef = 7F576BAB2A1C11C200169C2B /* ClassJobCategory.swift */; };
		7F576BAE2A1C1A7D00169C2B /* Town.swift in Sources */ = {isa = PBXBuildFile; fileRef = 7F576BAD2A1C1A7D00169C2B /* Town.swift */; };
		7F576BB12A1C1D0800169C2B /* LeveDetailView.swift in Sources */ = {isa = PBXBuildFile; fileRef = 7F576BB02A1C1D0800169C2B /* LeveDetailView.swift */; };
		7F576BB42A1C219F00169C2B /* ClassJobBadge.swift in Sources */ = {isa = PBXBuildFile; fileRef = 7F576BB32A1C219F00169C2B /* ClassJobBadge.swift */; };
		7F576BB62A1C489100169C2B /* LeveListView.swift in Sources */ = {isa = PBXBuildFile; fileRef = 7F576BB52A1C489100169C2B /* LeveListView.swift */; };
		7F576BB92A1C4E4E00169C2B /* ItemTitleBadge.swift in Sources */ = {isa = PBXBuildFile; fileRef = 7F576BB82A1C4E4E00169C2B /* ItemTitleBadge.swift */; };
		7F6DBE7F29C783070023503A /* ScanText.swift in Sources */ = {isa = PBXBuildFile; fileRef = 7F6DBE7E29C783070023503A /* ScanText.swift */; };
		7F6DBE8229C797A20023503A /* InfoScreenView.swift in Sources */ = {isa = PBXBuildFile; fileRef = 7F6DBE8129C797A20023503A /* InfoScreenView.swift */; };
		7F6DBE8429C7A5150023503A /* TimerView.swift in Sources */ = {isa = PBXBuildFile; fileRef = 7F6DBE8329C7A5150023503A /* TimerView.swift */; };
		7F7374BC29E1D39200FED6DB /* Recipe.swift in Sources */ = {isa = PBXBuildFile; fileRef = 7F7374BB29E1D39200FED6DB /* Recipe.swift */; };
		7F7374BE29E1D94A00FED6DB /* ItemSearchView.swift in Sources */ = {isa = PBXBuildFile; fileRef = 7F7374BD29E1D94A00FED6DB /* ItemSearchView.swift */; };
		7F83927629C94CDB004A833E /* SplashScreenView.swift in Sources */ = {isa = PBXBuildFile; fileRef = 7F83927529C94CDB004A833E /* SplashScreenView.swift */; };
		7F83927929CA6FC5004A833E /* AllItems.swift in Sources */ = {isa = PBXBuildFile; fileRef = 7F83927829CA6FC5004A833E /* AllItems.swift */; };
		7F96FA2229D0EC9100E3EAED /* ItemListView.swift in Sources */ = {isa = PBXBuildFile; fileRef = 7F96FA2129D0EC9100E3EAED /* ItemListView.swift */; };
		7F9F4BE729D0B5BB00F7371C /* LodestoneNewsView.swift in Sources */ = {isa = PBXBuildFile; fileRef = 7F9F4BE629D0B5BB00F7371C /* LodestoneNewsView.swift */; };
		7F9F4BEF29D0B5D700F7371C /* LodestoneNewsViewTests.swift in Sources */ = {isa = PBXBuildFile; fileRef = 7F9F4BEE29D0B5D700F7371C /* LodestoneNewsViewTests.swift */; };
		7F9F4BF629D0E55C00F7371C /* ArticleView.swift in Sources */ = {isa = PBXBuildFile; fileRef = 7F9F4BF529D0E55C00F7371C /* ArticleView.swift */; };
		7FA1186A29BFA49F00100E0D /* Item.swift in Sources */ = {isa = PBXBuildFile; fileRef = 7FA1186929BFA49F00100E0D /* Item.swift */; };
		7FA1186D29BFA60900100E0D /* DummyData.swift in Sources */ = {isa = PBXBuildFile; fileRef = 7FA1186C29BFA60900100E0D /* DummyData.swift */; };
		7FE0088429C168570098C5E1 /* ItemView.swift in Sources */ = {isa = PBXBuildFile; fileRef = 7FE0088329C168570098C5E1 /* ItemView.swift */; };
		7FEA14AE29F5C4260038684F /* FileManager-DocumentsDirectory.swift in Sources */ = {isa = PBXBuildFile; fileRef = 7FEA14AD29F5C4260038684F /* FileManager-DocumentsDirectory.swift */; };
		7FF52B1729BFA21C00B7BF58 /* xiv_turninsApp.swift in Sources */ = {isa = PBXBuildFile; fileRef = 7FF52B1629BFA21C00B7BF58 /* xiv_turninsApp.swift */; };
		7FF52B1929BFA21C00B7BF58 /* ContentView.swift in Sources */ = {isa = PBXBuildFile; fileRef = 7FF52B1829BFA21C00B7BF58 /* ContentView.swift */; };
		7FF52B1B29BFA21D00B7BF58 /* Assets.xcassets in Resources */ = {isa = PBXBuildFile; fileRef = 7FF52B1A29BFA21D00B7BF58 /* Assets.xcassets */; };
		7FF52B1E29BFA21D00B7BF58 /* Preview Assets.xcassets in Resources */ = {isa = PBXBuildFile; fileRef = 7FF52B1D29BFA21D00B7BF58 /* Preview Assets.xcassets */; };
/* End PBXBuildFile section */

/* Begin PBXContainerItemProxy section */
		7F57296729CF9B54004CBE7A /* PBXContainerItemProxy */ = {
			isa = PBXContainerItemProxy;
			containerPortal = 7FF52B0B29BFA21C00B7BF58 /* Project object */;
			proxyType = 1;
			remoteGlobalIDString = 7FF52B1229BFA21C00B7BF58;
			remoteInfo = "xiv-turnins";
		};
		7F57297429CFAE1F004CBE7A /* PBXContainerItemProxy */ = {
			isa = PBXContainerItemProxy;
			containerPortal = 7FF52B0B29BFA21C00B7BF58 /* Project object */;
			proxyType = 1;
			remoteGlobalIDString = 7FF52B1229BFA21C00B7BF58;
			remoteInfo = "xiv-turnins";
		};
		7F9F4BF029D0B5D700F7371C /* PBXContainerItemProxy */ = {
			isa = PBXContainerItemProxy;
			containerPortal = 7FF52B0B29BFA21C00B7BF58 /* Project object */;
			proxyType = 1;
			remoteGlobalIDString = 7FF52B1229BFA21C00B7BF58;
			remoteInfo = "xiv-turnins";
		};
/* End PBXContainerItemProxy section */

/* Begin PBXFileReference section */
		7F0E373D29D3BAD9008D51A3 /* IngredientListView.swift */ = {isa = PBXFileReference; lastKnownFileType = sourcecode.swift; path = IngredientListView.swift; sourceTree = "<group>"; };
		7F23342229E0ABCD006EAF6F /* ItemDetailView.swift */ = {isa = PBXFileReference; lastKnownFileType = sourcecode.swift; path = ItemDetailView.swift; sourceTree = "<group>"; };
		7F23342429E0BF2D006EAF6F /* IngredientBadge.swift */ = {isa = PBXFileReference; lastKnownFileType = sourcecode.swift; path = IngredientBadge.swift; sourceTree = "<group>"; };
		7F43560C29E1EBCF00E54A64 /* Search.swift */ = {isa = PBXFileReference; lastKnownFileType = sourcecode.swift; path = Search.swift; sourceTree = "<group>"; };
		7F57296329CF9B54004CBE7A /* DeliverableTests.xctest */ = {isa = PBXFileReference; explicitFileType = wrapper.cfbundle; includeInIndex = 0; path = DeliverableTests.xctest; sourceTree = BUILT_PRODUCTS_DIR; };
		7F57296529CF9B54004CBE7A /* DeliverableTests.swift */ = {isa = PBXFileReference; lastKnownFileType = sourcecode.swift; path = DeliverableTests.swift; sourceTree = "<group>"; };
		7F57297029CFAE1F004CBE7A /* ScanTextTests.xctest */ = {isa = PBXFileReference; explicitFileType = wrapper.cfbundle; includeInIndex = 0; path = ScanTextTests.xctest; sourceTree = BUILT_PRODUCTS_DIR; };
		7F57297229CFAE1F004CBE7A /* ScanTextTests.swift */ = {isa = PBXFileReference; lastKnownFileType = sourcecode.swift; path = ScanTextTests.swift; sourceTree = "<group>"; };
		7F576BA92A1C111400169C2B /* Leve.swift */ = {isa = PBXFileReference; lastKnownFileType = sourcecode.swift; path = Leve.swift; sourceTree = "<group>"; };
		7F576BAB2A1C11C200169C2B /* ClassJobCategory.swift */ = {isa = PBXFileReference; lastKnownFileType = sourcecode.swift; path = ClassJobCategory.swift; sourceTree = "<group>"; };
		7F576BAD2A1C1A7D00169C2B /* Town.swift */ = {isa = PBXFileReference; lastKnownFileType = sourcecode.swift; path = Town.swift; sourceTree = "<group>"; };
		7F576BB02A1C1D0800169C2B /* LeveDetailView.swift */ = {isa = PBXFileReference; lastKnownFileType = sourcecode.swift; path = LeveDetailView.swift; sourceTree = "<group>"; };
		7F576BB32A1C219F00169C2B /* ClassJobBadge.swift */ = {isa = PBXFileReference; lastKnownFileType = sourcecode.swift; name = ClassJobBadge.swift; path = "xiv-turnins/Views/Items/ClassJobBadge.swift"; sourceTree = SOURCE_ROOT; };
		7F576BB52A1C489100169C2B /* LeveListView.swift */ = {isa = PBXFileReference; lastKnownFileType = sourcecode.swift; path = LeveListView.swift; sourceTree = "<group>"; };
		7F576BB82A1C4E4E00169C2B /* ItemTitleBadge.swift */ = {isa = PBXFileReference; lastKnownFileType = sourcecode.swift; name = ItemTitleBadge.swift; path = "xiv-turnins/Views/Badges/ItemTitleBadge.swift"; sourceTree = SOURCE_ROOT; };
		7F6DBE7E29C783070023503A /* ScanText.swift */ = {isa = PBXFileReference; lastKnownFileType = sourcecode.swift; path = ScanText.swift; sourceTree = "<group>"; };
		7F6DBE8129C797A20023503A /* InfoScreenView.swift */ = {isa = PBXFileReference; lastKnownFileType = sourcecode.swift; path = InfoScreenView.swift; sourceTree = "<group>"; };
		7F6DBE8329C7A5150023503A /* TimerView.swift */ = {isa = PBXFileReference; lastKnownFileType = sourcecode.swift; path = TimerView.swift; sourceTree = "<group>"; };
		7F7374BB29E1D39200FED6DB /* Recipe.swift */ = {isa = PBXFileReference; lastKnownFileType = sourcecode.swift; path = Recipe.swift; sourceTree = "<group>"; };
		7F7374BD29E1D94A00FED6DB /* ItemSearchView.swift */ = {isa = PBXFileReference; lastKnownFileType = sourcecode.swift; path = ItemSearchView.swift; sourceTree = "<group>"; };
		7F83927529C94CDB004A833E /* SplashScreenView.swift */ = {isa = PBXFileReference; lastKnownFileType = sourcecode.swift; path = SplashScreenView.swift; sourceTree = "<group>"; };
		7F83927829CA6FC5004A833E /* AllItems.swift */ = {isa = PBXFileReference; lastKnownFileType = sourcecode.swift; path = AllItems.swift; sourceTree = "<group>"; };
		7F96FA2129D0EC9100E3EAED /* ItemListView.swift */ = {isa = PBXFileReference; lastKnownFileType = sourcecode.swift; path = ItemListView.swift; sourceTree = "<group>"; };
		7F9F4BE629D0B5BB00F7371C /* LodestoneNewsView.swift */ = {isa = PBXFileReference; lastKnownFileType = sourcecode.swift; path = LodestoneNewsView.swift; sourceTree = "<group>"; };
		7F9F4BEC29D0B5D700F7371C /* LodestoneNewsViewTests.xctest */ = {isa = PBXFileReference; explicitFileType = wrapper.cfbundle; includeInIndex = 0; path = LodestoneNewsViewTests.xctest; sourceTree = BUILT_PRODUCTS_DIR; };
		7F9F4BEE29D0B5D700F7371C /* LodestoneNewsViewTests.swift */ = {isa = PBXFileReference; lastKnownFileType = sourcecode.swift; path = LodestoneNewsViewTests.swift; sourceTree = "<group>"; };
		7F9F4BF529D0E55C00F7371C /* ArticleView.swift */ = {isa = PBXFileReference; lastKnownFileType = sourcecode.swift; path = ArticleView.swift; sourceTree = "<group>"; };
		7FA1186929BFA49F00100E0D /* Item.swift */ = {isa = PBXFileReference; lastKnownFileType = sourcecode.swift; path = Item.swift; sourceTree = "<group>"; };
		7FA1186C29BFA60900100E0D /* DummyData.swift */ = {isa = PBXFileReference; lastKnownFileType = sourcecode.swift; path = DummyData.swift; sourceTree = "<group>"; };
		7FE0088329C168570098C5E1 /* ItemView.swift */ = {isa = PBXFileReference; lastKnownFileType = sourcecode.swift; path = ItemView.swift; sourceTree = "<group>"; };
		7FEA14AD29F5C4260038684F /* FileManager-DocumentsDirectory.swift */ = {isa = PBXFileReference; lastKnownFileType = sourcecode.swift; path = "FileManager-DocumentsDirectory.swift"; sourceTree = "<group>"; };
		7FF52B1329BFA21C00B7BF58 /* xiv-turnins.app */ = {isa = PBXFileReference; explicitFileType = wrapper.application; includeInIndex = 0; path = "xiv-turnins.app"; sourceTree = BUILT_PRODUCTS_DIR; };
		7FF52B1629BFA21C00B7BF58 /* xiv_turninsApp.swift */ = {isa = PBXFileReference; lastKnownFileType = sourcecode.swift; path = xiv_turninsApp.swift; sourceTree = "<group>"; };
		7FF52B1829BFA21C00B7BF58 /* ContentView.swift */ = {isa = PBXFileReference; lastKnownFileType = sourcecode.swift; path = ContentView.swift; sourceTree = "<group>"; };
		7FF52B1A29BFA21D00B7BF58 /* Assets.xcassets */ = {isa = PBXFileReference; lastKnownFileType = folder.assetcatalog; path = Assets.xcassets; sourceTree = "<group>"; };
		7FF52B1D29BFA21D00B7BF58 /* Preview Assets.xcassets */ = {isa = PBXFileReference; lastKnownFileType = folder.assetcatalog; path = "Preview Assets.xcassets"; sourceTree = "<group>"; };
/* End PBXFileReference section */

/* Begin PBXFrameworksBuildPhase section */
		7F57296029CF9B54004CBE7A /* Frameworks */ = {
			isa = PBXFrameworksBuildPhase;
			buildActionMask = 2147483647;
			files = (
			);
			runOnlyForDeploymentPostprocessing = 0;
		};
		7F57296D29CFAE1F004CBE7A /* Frameworks */ = {
			isa = PBXFrameworksBuildPhase;
			buildActionMask = 2147483647;
			files = (
			);
			runOnlyForDeploymentPostprocessing = 0;
		};
		7F9F4BE929D0B5D700F7371C /* Frameworks */ = {
			isa = PBXFrameworksBuildPhase;
			buildActionMask = 2147483647;
			files = (
			);
			runOnlyForDeploymentPostprocessing = 0;
		};
		7FF52B1029BFA21C00B7BF58 /* Frameworks */ = {
			isa = PBXFrameworksBuildPhase;
			buildActionMask = 2147483647;
			files = (
			);
			runOnlyForDeploymentPostprocessing = 0;
		};
/* End PBXFrameworksBuildPhase section */

/* Begin PBXGroup section */
		7F23342629E11468006EAF6F /* LodestoneNews */ = {
			isa = PBXGroup;
			children = (
				7F9F4BF529D0E55C00F7371C /* ArticleView.swift */,
				7F9F4BE629D0B5BB00F7371C /* LodestoneNewsView.swift */,
			);
			path = LodestoneNews;
			sourceTree = "<group>";
		};
		7F43560E29E2548B00E54A64 /* Views */ = {
			isa = PBXGroup;
			children = (
				7F576BB72A1C4DF200169C2B /* Badges */,
				7F576BB22A1C1FD400169C2B /* Items */,
				7F23342629E11468006EAF6F /* LodestoneNews */,
				7F576BAF2A1C1CFD00169C2B /* Leves */,
				7F576BBA2A1C50CB00169C2B /* Utility */,
			);
			path = Views;
			sourceTree = "<group>";
		};
		7F57296429CF9B54004CBE7A /* DeliverableTests */ = {
			isa = PBXGroup;
			children = (
				7F57296529CF9B54004CBE7A /* DeliverableTests.swift */,
			);
			path = DeliverableTests;
			sourceTree = "<group>";
		};
		7F57297129CFAE1F004CBE7A /* ScanTextTests */ = {
			isa = PBXGroup;
			children = (
				7F57297229CFAE1F004CBE7A /* ScanTextTests.swift */,
			);
			path = ScanTextTests;
			sourceTree = "<group>";
		};
		7F576BA82A1C110900169C2B /* Models */ = {
			isa = PBXGroup;
			children = (
				7F83927829CA6FC5004A833E /* AllItems.swift */,
				7F576BAB2A1C11C200169C2B /* ClassJobCategory.swift */,
				7FA1186C29BFA60900100E0D /* DummyData.swift */,
				7F43560C29E1EBCF00E54A64 /* Search.swift */,
				7F7374BB29E1D39200FED6DB /* Recipe.swift */,
				7F6DBE7E29C783070023503A /* ScanText.swift */,
				7FA1186929BFA49F00100E0D /* Item.swift */,
				7F576BA92A1C111400169C2B /* Leve.swift */,
				7F576BAD2A1C1A7D00169C2B /* Town.swift */,
			);
			path = Models;
			sourceTree = "<group>";
		};
		7F576BAF2A1C1CFD00169C2B /* Leves */ = {
			isa = PBXGroup;
			children = (
				7F576BB02A1C1D0800169C2B /* LeveDetailView.swift */,
				7F576BB52A1C489100169C2B /* LeveListView.swift */,
			);
			path = Leves;
			sourceTree = "<group>";
		};
		7F576BB22A1C1FD400169C2B /* Items */ = {
			isa = PBXGroup;
			children = (
				7F0E373D29D3BAD9008D51A3 /* IngredientListView.swift */,
				7F96FA2129D0EC9100E3EAED /* ItemListView.swift */,
				7F7374BD29E1D94A00FED6DB /* ItemSearchView.swift */,
				7F576BB32A1C219F00169C2B /* ClassJobBadge.swift */,
				7F23342229E0ABCD006EAF6F /* ItemDetailView.swift */,
				7FE0088329C168570098C5E1 /* ItemView.swift */,
			);
			path = Items;
			sourceTree = "<group>";
		};
		7F576BB72A1C4DF200169C2B /* Badges */ = {
			isa = PBXGroup;
			children = (
				7F23342429E0BF2D006EAF6F /* IngredientBadge.swift */,
				7F576BB82A1C4E4E00169C2B /* ItemTitleBadge.swift */,
			);
			path = Badges;
			sourceTree = "<group>";
		};
		7F576BBA2A1C50CB00169C2B /* Utility */ = {
			isa = PBXGroup;
			children = (
				7F6DBE8329C7A5150023503A /* TimerView.swift */,
				7F6DBE8129C797A20023503A /* InfoScreenView.swift */,
				7FEA14AD29F5C4260038684F /* FileManager-DocumentsDirectory.swift */,
				7F83927529C94CDB004A833E /* SplashScreenView.swift */,
			);
			path = Utility;
			sourceTree = "<group>";
		};
		7F9F4BED29D0B5D700F7371C /* LodestoneNewsViewTests */ = {
			isa = PBXGroup;
			children = (
				7F9F4BEE29D0B5D700F7371C /* LodestoneNewsViewTests.swift */,
			);
			path = LodestoneNewsViewTests;
			sourceTree = "<group>";
		};
		7FF52B0A29BFA21C00B7BF58 = {
			isa = PBXGroup;
			children = (
				7FF52B1529BFA21C00B7BF58 /* xiv-turnins */,
				7F57296429CF9B54004CBE7A /* DeliverableTests */,
				7F57297129CFAE1F004CBE7A /* ScanTextTests */,
				7F9F4BED29D0B5D700F7371C /* LodestoneNewsViewTests */,
				7FF52B1429BFA21C00B7BF58 /* Products */,
			);
			sourceTree = "<group>";
		};
		7FF52B1429BFA21C00B7BF58 /* Products */ = {
			isa = PBXGroup;
			children = (
				7FF52B1329BFA21C00B7BF58 /* xiv-turnins.app */,
				7F57296329CF9B54004CBE7A /* DeliverableTests.xctest */,
				7F57297029CFAE1F004CBE7A /* ScanTextTests.xctest */,
				7F9F4BEC29D0B5D700F7371C /* LodestoneNewsViewTests.xctest */,
			);
			name = Products;
			sourceTree = "<group>";
		};
		7FF52B1529BFA21C00B7BF58 /* xiv-turnins */ = {
			isa = PBXGroup;
			children = (
				7FF52B1629BFA21C00B7BF58 /* xiv_turninsApp.swift */,
				7FF52B1829BFA21C00B7BF58 /* ContentView.swift */,
				7F576BA82A1C110900169C2B /* Models */,
				7F43560E29E2548B00E54A64 /* Views */,
				7FF52B1A29BFA21D00B7BF58 /* Assets.xcassets */,
				7FF52B1C29BFA21D00B7BF58 /* Preview Content */,
			);
			path = "xiv-turnins";
			sourceTree = "<group>";
		};
		7FF52B1C29BFA21D00B7BF58 /* Preview Content */ = {
			isa = PBXGroup;
			children = (
				7FF52B1D29BFA21D00B7BF58 /* Preview Assets.xcassets */,
			);
			path = "Preview Content";
			sourceTree = "<group>";
		};
/* End PBXGroup section */

/* Begin PBXNativeTarget section */
		7F57296229CF9B54004CBE7A /* DeliverableTests */ = {
			isa = PBXNativeTarget;
			buildConfigurationList = 7F57296929CF9B54004CBE7A /* Build configuration list for PBXNativeTarget "DeliverableTests" */;
			buildPhases = (
				7F57295F29CF9B54004CBE7A /* Sources */,
				7F57296029CF9B54004CBE7A /* Frameworks */,
				7F57296129CF9B54004CBE7A /* Resources */,
			);
			buildRules = (
			);
			dependencies = (
				7F57296829CF9B54004CBE7A /* PBXTargetDependency */,
			);
			name = DeliverableTests;
			productName = DeliverableTests;
			productReference = 7F57296329CF9B54004CBE7A /* DeliverableTests.xctest */;
			productType = "com.apple.product-type.bundle.unit-test";
		};
		7F57296F29CFAE1F004CBE7A /* ScanTextTests */ = {
			isa = PBXNativeTarget;
			buildConfigurationList = 7F57297829CFAE1F004CBE7A /* Build configuration list for PBXNativeTarget "ScanTextTests" */;
			buildPhases = (
				7F57296C29CFAE1F004CBE7A /* Sources */,
				7F57296D29CFAE1F004CBE7A /* Frameworks */,
				7F57296E29CFAE1F004CBE7A /* Resources */,
			);
			buildRules = (
			);
			dependencies = (
				7F57297529CFAE1F004CBE7A /* PBXTargetDependency */,
			);
			name = ScanTextTests;
			productName = ScanTextTests;
			productReference = 7F57297029CFAE1F004CBE7A /* ScanTextTests.xctest */;
			productType = "com.apple.product-type.bundle.unit-test";
		};
		7F9F4BEB29D0B5D700F7371C /* LodestoneNewsViewTests */ = {
			isa = PBXNativeTarget;
			buildConfigurationList = 7F9F4BF229D0B5D700F7371C /* Build configuration list for PBXNativeTarget "LodestoneNewsViewTests" */;
			buildPhases = (
				7F9F4BE829D0B5D700F7371C /* Sources */,
				7F9F4BE929D0B5D700F7371C /* Frameworks */,
				7F9F4BEA29D0B5D700F7371C /* Resources */,
			);
			buildRules = (
			);
			dependencies = (
				7F9F4BF129D0B5D700F7371C /* PBXTargetDependency */,
			);
			name = LodestoneNewsViewTests;
			productName = LodestoneNewsViewTests;
			productReference = 7F9F4BEC29D0B5D700F7371C /* LodestoneNewsViewTests.xctest */;
			productType = "com.apple.product-type.bundle.unit-test";
		};
		7FF52B1229BFA21C00B7BF58 /* xiv-turnins */ = {
			isa = PBXNativeTarget;
			buildConfigurationList = 7FF52B2129BFA21D00B7BF58 /* Build configuration list for PBXNativeTarget "xiv-turnins" */;
			buildPhases = (
				7FF52B0F29BFA21C00B7BF58 /* Sources */,
				7FF52B1029BFA21C00B7BF58 /* Frameworks */,
				7FF52B1129BFA21C00B7BF58 /* Resources */,
			);
			buildRules = (
			);
			dependencies = (
			);
			name = "xiv-turnins";
			productName = "xiv-turnins";
			productReference = 7FF52B1329BFA21C00B7BF58 /* xiv-turnins.app */;
			productType = "com.apple.product-type.application";
		};
/* End PBXNativeTarget section */

/* Begin PBXProject section */
		7FF52B0B29BFA21C00B7BF58 /* Project object */ = {
			isa = PBXProject;
			attributes = {
				BuildIndependentTargetsInParallel = 1;
				LastSwiftUpdateCheck = 1420;
				LastUpgradeCheck = 1420;
				TargetAttributes = {
					7F57296229CF9B54004CBE7A = {
						CreatedOnToolsVersion = 14.2;
						TestTargetID = 7FF52B1229BFA21C00B7BF58;
					};
					7F57296F29CFAE1F004CBE7A = {
						CreatedOnToolsVersion = 14.2;
						TestTargetID = 7FF52B1229BFA21C00B7BF58;
					};
					7F9F4BEB29D0B5D700F7371C = {
						CreatedOnToolsVersion = 14.2;
						TestTargetID = 7FF52B1229BFA21C00B7BF58;
					};
					7FF52B1229BFA21C00B7BF58 = {
						CreatedOnToolsVersion = 14.2;
					};
				};
			};
			buildConfigurationList = 7FF52B0E29BFA21C00B7BF58 /* Build configuration list for PBXProject "xiv-turnins" */;
			compatibilityVersion = "Xcode 14.0";
			developmentRegion = en;
			hasScannedForEncodings = 0;
			knownRegions = (
				en,
				Base,
			);
			mainGroup = 7FF52B0A29BFA21C00B7BF58;
			productRefGroup = 7FF52B1429BFA21C00B7BF58 /* Products */;
			projectDirPath = "";
			projectRoot = "";
			targets = (
				7FF52B1229BFA21C00B7BF58 /* xiv-turnins */,
				7F57296229CF9B54004CBE7A /* DeliverableTests */,
				7F57296F29CFAE1F004CBE7A /* ScanTextTests */,
				7F9F4BEB29D0B5D700F7371C /* LodestoneNewsViewTests */,
			);
		};
/* End PBXProject section */

/* Begin PBXResourcesBuildPhase section */
		7F57296129CF9B54004CBE7A /* Resources */ = {
			isa = PBXResourcesBuildPhase;
			buildActionMask = 2147483647;
			files = (
			);
			runOnlyForDeploymentPostprocessing = 0;
		};
		7F57296E29CFAE1F004CBE7A /* Resources */ = {
			isa = PBXResourcesBuildPhase;
			buildActionMask = 2147483647;
			files = (
			);
			runOnlyForDeploymentPostprocessing = 0;
		};
		7F9F4BEA29D0B5D700F7371C /* Resources */ = {
			isa = PBXResourcesBuildPhase;
			buildActionMask = 2147483647;
			files = (
			);
			runOnlyForDeploymentPostprocessing = 0;
		};
		7FF52B1129BFA21C00B7BF58 /* Resources */ = {
			isa = PBXResourcesBuildPhase;
			buildActionMask = 2147483647;
			files = (
				7FF52B1E29BFA21D00B7BF58 /* Preview Assets.xcassets in Resources */,
				7FF52B1B29BFA21D00B7BF58 /* Assets.xcassets in Resources */,
			);
			runOnlyForDeploymentPostprocessing = 0;
		};
/* End PBXResourcesBuildPhase section */

/* Begin PBXSourcesBuildPhase section */
		7F57295F29CF9B54004CBE7A /* Sources */ = {
			isa = PBXSourcesBuildPhase;
			buildActionMask = 2147483647;
			files = (
				7F57296629CF9B54004CBE7A /* DeliverableTests.swift in Sources */,
			);
			runOnlyForDeploymentPostprocessing = 0;
		};
		7F57296C29CFAE1F004CBE7A /* Sources */ = {
			isa = PBXSourcesBuildPhase;
			buildActionMask = 2147483647;
			files = (
				7F57297329CFAE1F004CBE7A /* ScanTextTests.swift in Sources */,
			);
			runOnlyForDeploymentPostprocessing = 0;
		};
		7F9F4BE829D0B5D700F7371C /* Sources */ = {
			isa = PBXSourcesBuildPhase;
			buildActionMask = 2147483647;
			files = (
				7F9F4BEF29D0B5D700F7371C /* LodestoneNewsViewTests.swift in Sources */,
			);
			runOnlyForDeploymentPostprocessing = 0;
		};
		7FF52B0F29BFA21C00B7BF58 /* Sources */ = {
			isa = PBXSourcesBuildPhase;
			buildActionMask = 2147483647;
			files = (
				7F576BAC2A1C11C200169C2B /* ClassJobCategory.swift in Sources */,
				7F576BB42A1C219F00169C2B /* ClassJobBadge.swift in Sources */,
				7F83927929CA6FC5004A833E /* AllItems.swift in Sources */,
				7F9F4BE729D0B5BB00F7371C /* LodestoneNewsView.swift in Sources */,
				7F576BB12A1C1D0800169C2B /* LeveDetailView.swift in Sources */,
				7F96FA2229D0EC9100E3EAED /* ItemListView.swift in Sources */,
				7FF52B1929BFA21C00B7BF58 /* ContentView.swift in Sources */,
				7F576BAA2A1C111400169C2B /* Leve.swift in Sources */,
				7F6DBE7F29C783070023503A /* ScanText.swift in Sources */,
				7F23342529E0BF2D006EAF6F /* IngredientBadge.swift in Sources */,
				7FE0088429C168570098C5E1 /* ItemView.swift in Sources */,
				7FF52B1729BFA21C00B7BF58 /* xiv_turninsApp.swift in Sources */,
				7F6DBE8429C7A5150023503A /* TimerView.swift in Sources */,
				7F0E373E29D3BAD9008D51A3 /* IngredientListView.swift in Sources */,
				7F9F4BF629D0E55C00F7371C /* ArticleView.swift in Sources */,
				7F83927629C94CDB004A833E /* SplashScreenView.swift in Sources */,
				7FA1186D29BFA60900100E0D /* DummyData.swift in Sources */,
				7FA1186A29BFA49F00100E0D /* Item.swift in Sources */,
				7F576BB92A1C4E4E00169C2B /* ItemTitleBadge.swift in Sources */,
				7FEA14AE29F5C4260038684F /* FileManager-DocumentsDirectory.swift in Sources */,
				7F7374BC29E1D39200FED6DB /* Recipe.swift in Sources */,
				7F6DBE8229C797A20023503A /* InfoScreenView.swift in Sources */,
				7F43560D29E1EBCF00E54A64 /* Search.swift in Sources */,
				7F576BAE2A1C1A7D00169C2B /* Town.swift in Sources */,
				7F23342329E0ABCD006EAF6F /* ItemDetailView.swift in Sources */,
				7F576BB62A1C489100169C2B /* LeveListView.swift in Sources */,
				7F7374BE29E1D94A00FED6DB /* ItemSearchView.swift in Sources */,
			);
			runOnlyForDeploymentPostprocessing = 0;
		};
/* End PBXSourcesBuildPhase section */

/* Begin PBXTargetDependency section */
		7F57296829CF9B54004CBE7A /* PBXTargetDependency */ = {
			isa = PBXTargetDependency;
			target = 7FF52B1229BFA21C00B7BF58 /* xiv-turnins */;
			targetProxy = 7F57296729CF9B54004CBE7A /* PBXContainerItemProxy */;
		};
		7F57297529CFAE1F004CBE7A /* PBXTargetDependency */ = {
			isa = PBXTargetDependency;
			target = 7FF52B1229BFA21C00B7BF58 /* xiv-turnins */;
			targetProxy = 7F57297429CFAE1F004CBE7A /* PBXContainerItemProxy */;
		};
		7F9F4BF129D0B5D700F7371C /* PBXTargetDependency */ = {
			isa = PBXTargetDependency;
			target = 7FF52B1229BFA21C00B7BF58 /* xiv-turnins */;
			targetProxy = 7F9F4BF029D0B5D700F7371C /* PBXContainerItemProxy */;
		};
/* End PBXTargetDependency section */

/* Begin XCBuildConfiguration section */
		7F57296A29CF9B54004CBE7A /* Debug */ = {
			isa = XCBuildConfiguration;
			buildSettings = {
				BUNDLE_LOADER = "$(TEST_HOST)";
				CODE_SIGN_STYLE = Automatic;
				CURRENT_PROJECT_VERSION = 1;
				DEVELOPMENT_TEAM = N33Z6K7M73;
				GENERATE_INFOPLIST_FILE = YES;
				MARKETING_VERSION = 1.0;
				PRODUCT_BUNDLE_IDENTIFIER = hoerr.jared.DeliverableTests;
				PRODUCT_NAME = "$(TARGET_NAME)";
				SWIFT_EMIT_LOC_STRINGS = NO;
				SWIFT_VERSION = 5.0;
				TARGETED_DEVICE_FAMILY = "1,2";
				TEST_HOST = "$(BUILT_PRODUCTS_DIR)/xiv-turnins.app/$(BUNDLE_EXECUTABLE_FOLDER_PATH)/xiv-turnins";
			};
			name = Debug;
		};
		7F57296B29CF9B54004CBE7A /* Release */ = {
			isa = XCBuildConfiguration;
			buildSettings = {
				BUNDLE_LOADER = "$(TEST_HOST)";
				CODE_SIGN_STYLE = Automatic;
				CURRENT_PROJECT_VERSION = 1;
				DEVELOPMENT_TEAM = N33Z6K7M73;
				GENERATE_INFOPLIST_FILE = YES;
				MARKETING_VERSION = 1.0;
				PRODUCT_BUNDLE_IDENTIFIER = hoerr.jared.DeliverableTests;
				PRODUCT_NAME = "$(TARGET_NAME)";
				SWIFT_EMIT_LOC_STRINGS = NO;
				SWIFT_VERSION = 5.0;
				TARGETED_DEVICE_FAMILY = "1,2";
				TEST_HOST = "$(BUILT_PRODUCTS_DIR)/xiv-turnins.app/$(BUNDLE_EXECUTABLE_FOLDER_PATH)/xiv-turnins";
			};
			name = Release;
		};
		7F57297629CFAE1F004CBE7A /* Debug */ = {
			isa = XCBuildConfiguration;
			buildSettings = {
				BUNDLE_LOADER = "$(TEST_HOST)";
				CODE_SIGN_STYLE = Automatic;
				CURRENT_PROJECT_VERSION = 1;
				DEVELOPMENT_TEAM = N33Z6K7M73;
				GENERATE_INFOPLIST_FILE = YES;
				MARKETING_VERSION = 1.0;
				PRODUCT_BUNDLE_IDENTIFIER = hoerr.jared.ScanTextTests;
				PRODUCT_NAME = "$(TARGET_NAME)";
				SWIFT_EMIT_LOC_STRINGS = NO;
				SWIFT_VERSION = 5.0;
				TARGETED_DEVICE_FAMILY = "1,2";
				TEST_HOST = "$(BUILT_PRODUCTS_DIR)/xiv-turnins.app/$(BUNDLE_EXECUTABLE_FOLDER_PATH)/xiv-turnins";
			};
			name = Debug;
		};
		7F57297729CFAE1F004CBE7A /* Release */ = {
			isa = XCBuildConfiguration;
			buildSettings = {
				BUNDLE_LOADER = "$(TEST_HOST)";
				CODE_SIGN_STYLE = Automatic;
				CURRENT_PROJECT_VERSION = 1;
				DEVELOPMENT_TEAM = N33Z6K7M73;
				GENERATE_INFOPLIST_FILE = YES;
				MARKETING_VERSION = 1.0;
				PRODUCT_BUNDLE_IDENTIFIER = hoerr.jared.ScanTextTests;
				PRODUCT_NAME = "$(TARGET_NAME)";
				SWIFT_EMIT_LOC_STRINGS = NO;
				SWIFT_VERSION = 5.0;
				TARGETED_DEVICE_FAMILY = "1,2";
				TEST_HOST = "$(BUILT_PRODUCTS_DIR)/xiv-turnins.app/$(BUNDLE_EXECUTABLE_FOLDER_PATH)/xiv-turnins";
			};
			name = Release;
		};
		7F9F4BF329D0B5D700F7371C /* Debug */ = {
			isa = XCBuildConfiguration;
			buildSettings = {
				BUNDLE_LOADER = "$(TEST_HOST)";
				CODE_SIGN_STYLE = Automatic;
				CURRENT_PROJECT_VERSION = 1;
				DEVELOPMENT_TEAM = N33Z6K7M73;
				GENERATE_INFOPLIST_FILE = YES;
				MARKETING_VERSION = 1.0;
				PRODUCT_BUNDLE_IDENTIFIER = hoerr.jared.LodestoneNewsViewTests;
				PRODUCT_NAME = "$(TARGET_NAME)";
				SWIFT_EMIT_LOC_STRINGS = NO;
				SWIFT_VERSION = 5.0;
				TARGETED_DEVICE_FAMILY = "1,2";
				TEST_HOST = "$(BUILT_PRODUCTS_DIR)/xiv-turnins.app/$(BUNDLE_EXECUTABLE_FOLDER_PATH)/xiv-turnins";
			};
			name = Debug;
		};
		7F9F4BF429D0B5D700F7371C /* Release */ = {
			isa = XCBuildConfiguration;
			buildSettings = {
				BUNDLE_LOADER = "$(TEST_HOST)";
				CODE_SIGN_STYLE = Automatic;
				CURRENT_PROJECT_VERSION = 1;
				DEVELOPMENT_TEAM = N33Z6K7M73;
				GENERATE_INFOPLIST_FILE = YES;
				MARKETING_VERSION = 1.0;
				PRODUCT_BUNDLE_IDENTIFIER = hoerr.jared.LodestoneNewsViewTests;
				PRODUCT_NAME = "$(TARGET_NAME)";
				SWIFT_EMIT_LOC_STRINGS = NO;
				SWIFT_VERSION = 5.0;
				TARGETED_DEVICE_FAMILY = "1,2";
				TEST_HOST = "$(BUILT_PRODUCTS_DIR)/xiv-turnins.app/$(BUNDLE_EXECUTABLE_FOLDER_PATH)/xiv-turnins";
			};
			name = Release;
		};
		7FF52B1F29BFA21D00B7BF58 /* Debug */ = {
			isa = XCBuildConfiguration;
			buildSettings = {
				ALWAYS_SEARCH_USER_PATHS = NO;
				CLANG_ANALYZER_NONNULL = YES;
				CLANG_ANALYZER_NUMBER_OBJECT_CONVERSION = YES_AGGRESSIVE;
				CLANG_CXX_LANGUAGE_STANDARD = "gnu++20";
				CLANG_ENABLE_MODULES = YES;
				CLANG_ENABLE_OBJC_ARC = YES;
				CLANG_ENABLE_OBJC_WEAK = YES;
				CLANG_WARN_BLOCK_CAPTURE_AUTORELEASING = YES;
				CLANG_WARN_BOOL_CONVERSION = YES;
				CLANG_WARN_COMMA = YES;
				CLANG_WARN_CONSTANT_CONVERSION = YES;
				CLANG_WARN_DEPRECATED_OBJC_IMPLEMENTATIONS = YES;
				CLANG_WARN_DIRECT_OBJC_ISA_USAGE = YES_ERROR;
				CLANG_WARN_DOCUMENTATION_COMMENTS = YES;
				CLANG_WARN_EMPTY_BODY = YES;
				CLANG_WARN_ENUM_CONVERSION = YES;
				CLANG_WARN_INFINITE_RECURSION = YES;
				CLANG_WARN_INT_CONVERSION = YES;
				CLANG_WARN_NON_LITERAL_NULL_CONVERSION = YES;
				CLANG_WARN_OBJC_IMPLICIT_RETAIN_SELF = YES;
				CLANG_WARN_OBJC_LITERAL_CONVERSION = YES;
				CLANG_WARN_OBJC_ROOT_CLASS = YES_ERROR;
				CLANG_WARN_QUOTED_INCLUDE_IN_FRAMEWORK_HEADER = YES;
				CLANG_WARN_RANGE_LOOP_ANALYSIS = YES;
				CLANG_WARN_STRICT_PROTOTYPES = YES;
				CLANG_WARN_SUSPICIOUS_MOVE = YES;
				CLANG_WARN_UNGUARDED_AVAILABILITY = YES_AGGRESSIVE;
				CLANG_WARN_UNREACHABLE_CODE = YES;
				CLANG_WARN__DUPLICATE_METHOD_MATCH = YES;
				COPY_PHASE_STRIP = NO;
				DEBUG_INFORMATION_FORMAT = dwarf;
				ENABLE_STRICT_OBJC_MSGSEND = YES;
				ENABLE_TESTABILITY = YES;
				GCC_C_LANGUAGE_STANDARD = gnu11;
				GCC_DYNAMIC_NO_PIC = NO;
				GCC_NO_COMMON_BLOCKS = YES;
				GCC_OPTIMIZATION_LEVEL = 0;
				GCC_PREPROCESSOR_DEFINITIONS = (
					"DEBUG=1",
					"$(inherited)",
				);
				GCC_WARN_64_TO_32_BIT_CONVERSION = YES;
				GCC_WARN_ABOUT_RETURN_TYPE = YES_ERROR;
				GCC_WARN_UNDECLARED_SELECTOR = YES;
				GCC_WARN_UNINITIALIZED_AUTOS = YES_AGGRESSIVE;
				GCC_WARN_UNUSED_FUNCTION = YES;
				GCC_WARN_UNUSED_VARIABLE = YES;
				IPHONEOS_DEPLOYMENT_TARGET = 16.0;
				MTL_ENABLE_DEBUG_INFO = INCLUDE_SOURCE;
				MTL_FAST_MATH = YES;
				ONLY_ACTIVE_ARCH = YES;
				SDKROOT = iphoneos;
				SWIFT_ACTIVE_COMPILATION_CONDITIONS = DEBUG;
				SWIFT_OPTIMIZATION_LEVEL = "-Onone";
			};
			name = Debug;
		};
		7FF52B2029BFA21D00B7BF58 /* Release */ = {
			isa = XCBuildConfiguration;
			buildSettings = {
				ALWAYS_SEARCH_USER_PATHS = NO;
				CLANG_ANALYZER_NONNULL = YES;
				CLANG_ANALYZER_NUMBER_OBJECT_CONVERSION = YES_AGGRESSIVE;
				CLANG_CXX_LANGUAGE_STANDARD = "gnu++20";
				CLANG_ENABLE_MODULES = YES;
				CLANG_ENABLE_OBJC_ARC = YES;
				CLANG_ENABLE_OBJC_WEAK = YES;
				CLANG_WARN_BLOCK_CAPTURE_AUTORELEASING = YES;
				CLANG_WARN_BOOL_CONVERSION = YES;
				CLANG_WARN_COMMA = YES;
				CLANG_WARN_CONSTANT_CONVERSION = YES;
				CLANG_WARN_DEPRECATED_OBJC_IMPLEMENTATIONS = YES;
				CLANG_WARN_DIRECT_OBJC_ISA_USAGE = YES_ERROR;
				CLANG_WARN_DOCUMENTATION_COMMENTS = YES;
				CLANG_WARN_EMPTY_BODY = YES;
				CLANG_WARN_ENUM_CONVERSION = YES;
				CLANG_WARN_INFINITE_RECURSION = YES;
				CLANG_WARN_INT_CONVERSION = YES;
				CLANG_WARN_NON_LITERAL_NULL_CONVERSION = YES;
				CLANG_WARN_OBJC_IMPLICIT_RETAIN_SELF = YES;
				CLANG_WARN_OBJC_LITERAL_CONVERSION = YES;
				CLANG_WARN_OBJC_ROOT_CLASS = YES_ERROR;
				CLANG_WARN_QUOTED_INCLUDE_IN_FRAMEWORK_HEADER = YES;
				CLANG_WARN_RANGE_LOOP_ANALYSIS = YES;
				CLANG_WARN_STRICT_PROTOTYPES = YES;
				CLANG_WARN_SUSPICIOUS_MOVE = YES;
				CLANG_WARN_UNGUARDED_AVAILABILITY = YES_AGGRESSIVE;
				CLANG_WARN_UNREACHABLE_CODE = YES;
				CLANG_WARN__DUPLICATE_METHOD_MATCH = YES;
				COPY_PHASE_STRIP = NO;
				DEBUG_INFORMATION_FORMAT = "dwarf-with-dsym";
				ENABLE_NS_ASSERTIONS = NO;
				ENABLE_STRICT_OBJC_MSGSEND = YES;
				GCC_C_LANGUAGE_STANDARD = gnu11;
				GCC_NO_COMMON_BLOCKS = YES;
				GCC_WARN_64_TO_32_BIT_CONVERSION = YES;
				GCC_WARN_ABOUT_RETURN_TYPE = YES_ERROR;
				GCC_WARN_UNDECLARED_SELECTOR = YES;
				GCC_WARN_UNINITIALIZED_AUTOS = YES_AGGRESSIVE;
				GCC_WARN_UNUSED_FUNCTION = YES;
				GCC_WARN_UNUSED_VARIABLE = YES;
				IPHONEOS_DEPLOYMENT_TARGET = 16.0;
				MTL_ENABLE_DEBUG_INFO = NO;
				MTL_FAST_MATH = YES;
				SDKROOT = iphoneos;
				SWIFT_COMPILATION_MODE = wholemodule;
				SWIFT_OPTIMIZATION_LEVEL = "-O";
				VALIDATE_PRODUCT = YES;
			};
			name = Release;
		};
		7FF52B2229BFA21D00B7BF58 /* Debug */ = {
			isa = XCBuildConfiguration;
			buildSettings = {
				ASSETCATALOG_COMPILER_APPICON_NAME = AppIcon;
				ASSETCATALOG_COMPILER_GLOBAL_ACCENT_COLOR_NAME = AccentColor;
				CODE_SIGN_STYLE = Automatic;
				CURRENT_PROJECT_VERSION = 2;
				DEVELOPMENT_ASSET_PATHS = "\"xiv-turnins/Preview Content\"";
				DEVELOPMENT_TEAM = N33Z6K7M73;
				ENABLE_PREVIEWS = YES;
				GENERATE_INFOPLIST_FILE = YES;
				INFOPLIST_KEY_CFBundleDisplayName = "XIV Helper";
				INFOPLIST_KEY_LSApplicationCategoryType = "public.app-category.reference";
				INFOPLIST_KEY_UIApplicationSceneManifest_Generation = YES;
				INFOPLIST_KEY_UIApplicationSupportsIndirectInputEvents = YES;
				INFOPLIST_KEY_UILaunchScreen_Generation = YES;
				INFOPLIST_KEY_UIStatusBarStyle = "";
				INFOPLIST_KEY_UISupportedInterfaceOrientations = UIInterfaceOrientationPortrait;
				INFOPLIST_KEY_UISupportedInterfaceOrientations_iPad = "UIInterfaceOrientationLandscapeLeft UIInterfaceOrientationLandscapeRight UIInterfaceOrientationPortrait UIInterfaceOrientationPortraitUpsideDown";
				IPHONEOS_DEPLOYMENT_TARGET = 16.0;
				LD_RUNPATH_SEARCH_PATHS = (
					"$(inherited)",
					"@executable_path/Frameworks",
				);
				MARKETING_VERSION = 1.0.1;
				PRODUCT_BUNDLE_IDENTIFIER = "hoerr.jared.xiv-helper";
				PRODUCT_NAME = "$(TARGET_NAME)";
				SUPPORTED_PLATFORMS = "iphoneos iphonesimulator";
				SUPPORTS_MACCATALYST = NO;
				SUPPORTS_MAC_DESIGNED_FOR_IPHONE_IPAD = YES;
				SWIFT_EMIT_LOC_STRINGS = YES;
				SWIFT_VERSION = 5.0;
				TARGETED_DEVICE_FAMILY = 1;
			};
			name = Debug;
		};
		7FF52B2329BFA21D00B7BF58 /* Release */ = {
			isa = XCBuildConfiguration;
			buildSettings = {
				ASSETCATALOG_COMPILER_APPICON_NAME = AppIcon;
				ASSETCATALOG_COMPILER_GLOBAL_ACCENT_COLOR_NAME = AccentColor;
				CODE_SIGN_STYLE = Automatic;
				CURRENT_PROJECT_VERSION = 2;
				DEVELOPMENT_ASSET_PATHS = "\"xiv-turnins/Preview Content\"";
				DEVELOPMENT_TEAM = N33Z6K7M73;
				ENABLE_PREVIEWS = YES;
				GENERATE_INFOPLIST_FILE = YES;
				INFOPLIST_KEY_CFBundleDisplayName = "XIV Helper";
				INFOPLIST_KEY_LSApplicationCategoryType = "public.app-category.reference";
				INFOPLIST_KEY_UIApplicationSceneManifest_Generation = YES;
				INFOPLIST_KEY_UIApplicationSupportsIndirectInputEvents = YES;
				INFOPLIST_KEY_UILaunchScreen_Generation = YES;
				INFOPLIST_KEY_UIStatusBarStyle = "";
				INFOPLIST_KEY_UISupportedInterfaceOrientations = UIInterfaceOrientationPortrait;
				INFOPLIST_KEY_UISupportedInterfaceOrientations_iPad = "UIInterfaceOrientationLandscapeLeft UIInterfaceOrientationLandscapeRight UIInterfaceOrientationPortrait UIInterfaceOrientationPortraitUpsideDown";
				IPHONEOS_DEPLOYMENT_TARGET = 16.0;
				LD_RUNPATH_SEARCH_PATHS = (
					"$(inherited)",
					"@executable_path/Frameworks",
				);
				MARKETING_VERSION = 1.0.1;
				PRODUCT_BUNDLE_IDENTIFIER = "hoerr.jared.xiv-helper";
				PRODUCT_NAME = "$(TARGET_NAME)";
				SUPPORTED_PLATFORMS = "iphoneos iphonesimulator";
				SUPPORTS_MACCATALYST = NO;
				SUPPORTS_MAC_DESIGNED_FOR_IPHONE_IPAD = YES;
				SWIFT_EMIT_LOC_STRINGS = YES;
				SWIFT_VERSION = 5.0;
				TARGETED_DEVICE_FAMILY = 1;
			};
			name = Release;
		};
/* End XCBuildConfiguration section */

/* Begin XCConfigurationList section */
		7F57296929CF9B54004CBE7A /* Build configuration list for PBXNativeTarget "DeliverableTests" */ = {
			isa = XCConfigurationList;
			buildConfigurations = (
				7F57296A29CF9B54004CBE7A /* Debug */,
				7F57296B29CF9B54004CBE7A /* Release */,
			);
			defaultConfigurationIsVisible = 0;
			defaultConfigurationName = Release;
		};
		7F57297829CFAE1F004CBE7A /* Build configuration list for PBXNativeTarget "ScanTextTests" */ = {
			isa = XCConfigurationList;
			buildConfigurations = (
				7F57297629CFAE1F004CBE7A /* Debug */,
				7F57297729CFAE1F004CBE7A /* Release */,
			);
			defaultConfigurationIsVisible = 0;
			defaultConfigurationName = Release;
		};
		7F9F4BF229D0B5D700F7371C /* Build configuration list for PBXNativeTarget "LodestoneNewsViewTests" */ = {
			isa = XCConfigurationList;
			buildConfigurations = (
				7F9F4BF329D0B5D700F7371C /* Debug */,
				7F9F4BF429D0B5D700F7371C /* Release */,
			);
			defaultConfigurationIsVisible = 0;
			defaultConfigurationName = Release;
		};
		7FF52B0E29BFA21C00B7BF58 /* Build configuration list for PBXProject "xiv-turnins" */ = {
			isa = XCConfigurationList;
			buildConfigurations = (
				7FF52B1F29BFA21D00B7BF58 /* Debug */,
				7FF52B2029BFA21D00B7BF58 /* Release */,
			);
			defaultConfigurationIsVisible = 0;
			defaultConfigurationName = Release;
		};
		7FF52B2129BFA21D00B7BF58 /* Build configuration list for PBXNativeTarget "xiv-turnins" */ = {
			isa = XCConfigurationList;
			buildConfigurations = (
				7FF52B2229BFA21D00B7BF58 /* Debug */,
				7FF52B2329BFA21D00B7BF58 /* Release */,
			);
			defaultConfigurationIsVisible = 0;
			defaultConfigurationName = Release;
		};
/* End XCConfigurationList section */
	};
	rootObject = 7FF52B0B29BFA21C00B7BF58 /* Project object */;
}
