// !$*UTF8*$!
{
	archiveVersion = 1;
	classes = {
	};
	objectVersion = 56;
	objects = {

/* Begin PBXBuildFile section */
		7F6DBE7F29C783070023503A /* ScanText.swift in Sources */ = {isa = PBXBuildFile; fileRef = 7F6DBE7E29C783070023503A /* ScanText.swift */; };
		7F6DBE8229C797A20023503A /* InfoScreen.swift in Sources */ = {isa = PBXBuildFile; fileRef = 7F6DBE8129C797A20023503A /* InfoScreen.swift */; };
		7F6DBE8429C7A5150023503A /* CountdownView.swift in Sources */ = {isa = PBXBuildFile; fileRef = 7F6DBE8329C7A5150023503A /* CountdownView.swift */; };
		7F83927629C94CDB004A833E /* SplashScreenView.swift in Sources */ = {isa = PBXBuildFile; fileRef = 7F83927529C94CDB004A833E /* SplashScreenView.swift */; };
		7FA1186A29BFA49F00100E0D /* Deliverable.swift in Sources */ = {isa = PBXBuildFile; fileRef = 7FA1186929BFA49F00100E0D /* Deliverable.swift */; };
		7FA1186D29BFA60900100E0D /* DummyData.swift in Sources */ = {isa = PBXBuildFile; fileRef = 7FA1186C29BFA60900100E0D /* DummyData.swift */; };
		7FE0088429C168570098C5E1 /* ItemView.swift in Sources */ = {isa = PBXBuildFile; fileRef = 7FE0088329C168570098C5E1 /* ItemView.swift */; };
		7FF52B1729BFA21C00B7BF58 /* xiv_turninsApp.swift in Sources */ = {isa = PBXBuildFile; fileRef = 7FF52B1629BFA21C00B7BF58 /* xiv_turninsApp.swift */; };
		7FF52B1929BFA21C00B7BF58 /* ContentView.swift in Sources */ = {isa = PBXBuildFile; fileRef = 7FF52B1829BFA21C00B7BF58 /* ContentView.swift */; };
		7FF52B1B29BFA21D00B7BF58 /* Assets.xcassets in Resources */ = {isa = PBXBuildFile; fileRef = 7FF52B1A29BFA21D00B7BF58 /* Assets.xcassets */; };
		7FF52B1E29BFA21D00B7BF58 /* Preview Assets.xcassets in Resources */ = {isa = PBXBuildFile; fileRef = 7FF52B1D29BFA21D00B7BF58 /* Preview Assets.xcassets */; };
/* End PBXBuildFile section */

/* Begin PBXFileReference section */
		7F6DBE7E29C783070023503A /* ScanText.swift */ = {isa = PBXFileReference; lastKnownFileType = sourcecode.swift; path = ScanText.swift; sourceTree = "<group>"; };
		7F6DBE8029C786830023503A /* Playground.playground */ = {isa = PBXFileReference; lastKnownFileType = file.playground; path = Playground.playground; sourceTree = "<group>"; xcLanguageSpecificationIdentifier = xcode.lang.swift; };
		7F6DBE8129C797A20023503A /* InfoScreen.swift */ = {isa = PBXFileReference; lastKnownFileType = sourcecode.swift; path = InfoScreen.swift; sourceTree = "<group>"; };
		7F6DBE8329C7A5150023503A /* CountdownView.swift */ = {isa = PBXFileReference; lastKnownFileType = sourcecode.swift; path = CountdownView.swift; sourceTree = "<group>"; };
		7F83927529C94CDB004A833E /* SplashScreenView.swift */ = {isa = PBXFileReference; lastKnownFileType = sourcecode.swift; path = SplashScreenView.swift; sourceTree = "<group>"; };
		7FA1186929BFA49F00100E0D /* Deliverable.swift */ = {isa = PBXFileReference; lastKnownFileType = sourcecode.swift; path = Deliverable.swift; sourceTree = "<group>"; };
		7FA1186C29BFA60900100E0D /* DummyData.swift */ = {isa = PBXFileReference; lastKnownFileType = sourcecode.swift; path = DummyData.swift; sourceTree = "<group>"; };
		7FE0088329C168570098C5E1 /* ItemView.swift */ = {isa = PBXFileReference; lastKnownFileType = sourcecode.swift; path = ItemView.swift; sourceTree = "<group>"; };
		7FF52B1329BFA21C00B7BF58 /* xiv-turnins.app */ = {isa = PBXFileReference; explicitFileType = wrapper.application; includeInIndex = 0; path = "xiv-turnins.app"; sourceTree = BUILT_PRODUCTS_DIR; };
		7FF52B1629BFA21C00B7BF58 /* xiv_turninsApp.swift */ = {isa = PBXFileReference; lastKnownFileType = sourcecode.swift; path = xiv_turninsApp.swift; sourceTree = "<group>"; };
		7FF52B1829BFA21C00B7BF58 /* ContentView.swift */ = {isa = PBXFileReference; lastKnownFileType = sourcecode.swift; path = ContentView.swift; sourceTree = "<group>"; };
		7FF52B1A29BFA21D00B7BF58 /* Assets.xcassets */ = {isa = PBXFileReference; lastKnownFileType = folder.assetcatalog; path = Assets.xcassets; sourceTree = "<group>"; };
		7FF52B1D29BFA21D00B7BF58 /* Preview Assets.xcassets */ = {isa = PBXFileReference; lastKnownFileType = folder.assetcatalog; path = "Preview Assets.xcassets"; sourceTree = "<group>"; };
/* End PBXFileReference section */

/* Begin PBXFrameworksBuildPhase section */
		7FF52B1029BFA21C00B7BF58 /* Frameworks */ = {
			isa = PBXFrameworksBuildPhase;
			buildActionMask = 2147483647;
			files = (
			);
			runOnlyForDeploymentPostprocessing = 0;
		};
/* End PBXFrameworksBuildPhase section */

/* Begin PBXGroup section */
		7FF52B0A29BFA21C00B7BF58 = {
			isa = PBXGroup;
			children = (
				7FF52B1529BFA21C00B7BF58 /* xiv-turnins */,
				7FF52B1429BFA21C00B7BF58 /* Products */,
			);
			sourceTree = "<group>";
		};
		7FF52B1429BFA21C00B7BF58 /* Products */ = {
			isa = PBXGroup;
			children = (
				7FF52B1329BFA21C00B7BF58 /* xiv-turnins.app */,
			);
			name = Products;
			sourceTree = "<group>";
		};
		7FF52B1529BFA21C00B7BF58 /* xiv-turnins */ = {
			isa = PBXGroup;
			children = (
				7FF52B1629BFA21C00B7BF58 /* xiv_turninsApp.swift */,
				7FF52B1829BFA21C00B7BF58 /* ContentView.swift */,
				7F83927529C94CDB004A833E /* SplashScreenView.swift */,
				7F6DBE8329C7A5150023503A /* CountdownView.swift */,
				7FA1186929BFA49F00100E0D /* Deliverable.swift */,
				7FA1186C29BFA60900100E0D /* DummyData.swift */,
				7F6DBE8129C797A20023503A /* InfoScreen.swift */,
				7FE0088329C168570098C5E1 /* ItemView.swift */,
				7F6DBE7E29C783070023503A /* ScanText.swift */,
				7F6DBE8029C786830023503A /* Playground.playground */,
				7FF52B1A29BFA21D00B7BF58 /* Assets.xcassets */,
				7FF52B1C29BFA21D00B7BF58 /* Preview Content */,
			);
			path = "xiv-turnins";
			sourceTree = "<group>";
		};
		7FF52B1C29BFA21D00B7BF58 /* Preview Content */ = {
			isa = PBXGroup;
			children = (
				7FF52B1D29BFA21D00B7BF58 /* Preview Assets.xcassets */,
			);
			path = "Preview Content";
			sourceTree = "<group>";
		};
/* End PBXGroup section */

/* Begin PBXNativeTarget section */
		7FF52B1229BFA21C00B7BF58 /* xiv-turnins */ = {
			isa = PBXNativeTarget;
			buildConfigurationList = 7FF52B2129BFA21D00B7BF58 /* Build configuration list for PBXNativeTarget "xiv-turnins" */;
			buildPhases = (
				7FF52B0F29BFA21C00B7BF58 /* Sources */,
				7FF52B1029BFA21C00B7BF58 /* Frameworks */,
				7FF52B1129BFA21C00B7BF58 /* Resources */,
			);
			buildRules = (
			);
			dependencies = (
			);
			name = "xiv-turnins";
			productName = "xiv-turnins";
			productReference = 7FF52B1329BFA21C00B7BF58 /* xiv-turnins.app */;
			productType = "com.apple.product-type.application";
		};
/* End PBXNativeTarget section */

/* Begin PBXProject section */
		7FF52B0B29BFA21C00B7BF58 /* Project object */ = {
			isa = PBXProject;
			attributes = {
				BuildIndependentTargetsInParallel = 1;
				LastSwiftUpdateCheck = 1420;
				LastUpgradeCheck = 1420;
				TargetAttributes = {
					7FF52B1229BFA21C00B7BF58 = {
						CreatedOnToolsVersion = 14.2;
					};
				};
			};
			buildConfigurationList = 7FF52B0E29BFA21C00B7BF58 /* Build configuration list for PBXProject "xiv-turnins" */;
			compatibilityVersion = "Xcode 14.0";
			developmentRegion = en;
			hasScannedForEncodings = 0;
			knownRegions = (
				en,
				Base,
			);
			mainGroup = 7FF52B0A29BFA21C00B7BF58;
			productRefGroup = 7FF52B1429BFA21C00B7BF58 /* Products */;
			projectDirPath = "";
			projectRoot = "";
			targets = (
				7FF52B1229BFA21C00B7BF58 /* xiv-turnins */,
			);
		};
/* End PBXProject section */

/* Begin PBXResourcesBuildPhase section */
		7FF52B1129BFA21C00B7BF58 /* Resources */ = {
			isa = PBXResourcesBuildPhase;
			buildActionMask = 2147483647;
			files = (
				7FF52B1E29BFA21D00B7BF58 /* Preview Assets.xcassets in Resources */,
				7FF52B1B29BFA21D00B7BF58 /* Assets.xcassets in Resources */,
			);
			runOnlyForDeploymentPostprocessing = 0;
		};
/* End PBXResourcesBuildPhase section */

/* Begin PBXSourcesBuildPhase section */
		7FF52B0F29BFA21C00B7BF58 /* Sources */ = {
			isa = PBXSourcesBuildPhase;
			buildActionMask = 2147483647;
			files = (
				7FF52B1929BFA21C00B7BF58 /* ContentView.swift in Sources */,
				7F6DBE7F29C783070023503A /* ScanText.swift in Sources */,
				7FE0088429C168570098C5E1 /* ItemView.swift in Sources */,
				7FF52B1729BFA21C00B7BF58 /* xiv_turninsApp.swift in Sources */,
				7F6DBE8429C7A5150023503A /* CountdownView.swift in Sources */,
				7F83927629C94CDB004A833E /* SplashScreenView.swift in Sources */,
				7FA1186D29BFA60900100E0D /* DummyData.swift in Sources */,
				7FA1186A29BFA49F00100E0D /* Deliverable.swift in Sources */,
				7F6DBE8229C797A20023503A /* InfoScreen.swift in Sources */,
			);
			runOnlyForDeploymentPostprocessing = 0;
		};
/* End PBXSourcesBuildPhase section */

/* Begin XCBuildConfiguration section */
		7FF52B1F29BFA21D00B7BF58 /* Debug */ = {
			isa = XCBuildConfiguration;
			buildSettings = {
				ALWAYS_SEARCH_USER_PATHS = NO;
				CLANG_ANALYZER_NONNULL = YES;
				CLANG_ANALYZER_NUMBER_OBJECT_CONVERSION = YES_AGGRESSIVE;
				CLANG_CXX_LANGUAGE_STANDARD = "gnu++20";
				CLANG_ENABLE_MODULES = YES;
				CLANG_ENABLE_OBJC_ARC = YES;
				CLANG_ENABLE_OBJC_WEAK = YES;
				CLANG_WARN_BLOCK_CAPTURE_AUTORELEASING = YES;
				CLANG_WARN_BOOL_CONVERSION = YES;
				CLANG_WARN_COMMA = YES;
				CLANG_WARN_CONSTANT_CONVERSION = YES;
				CLANG_WARN_DEPRECATED_OBJC_IMPLEMENTATIONS = YES;
				CLANG_WARN_DIRECT_OBJC_ISA_USAGE = YES_ERROR;
				CLANG_WARN_DOCUMENTATION_COMMENTS = YES;
				CLANG_WARN_EMPTY_BODY = YES;
				CLANG_WARN_ENUM_CONVERSION = YES;
				CLANG_WARN_INFINITE_RECURSION = YES;
				CLANG_WARN_INT_CONVERSION = YES;
				CLANG_WARN_NON_LITERAL_NULL_CONVERSION = YES;
				CLANG_WARN_OBJC_IMPLICIT_RETAIN_SELF = YES;
				CLANG_WARN_OBJC_LITERAL_CONVERSION = YES;
				CLANG_WARN_OBJC_ROOT_CLASS = YES_ERROR;
				CLANG_WARN_QUOTED_INCLUDE_IN_FRAMEWORK_HEADER = YES;
				CLANG_WARN_RANGE_LOOP_ANALYSIS = YES;
				CLANG_WARN_STRICT_PROTOTYPES = YES;
				CLANG_WARN_SUSPICIOUS_MOVE = YES;
				CLANG_WARN_UNGUARDED_AVAILABILITY = YES_AGGRESSIVE;
				CLANG_WARN_UNREACHABLE_CODE = YES;
				CLANG_WARN__DUPLICATE_METHOD_MATCH = YES;
				COPY_PHASE_STRIP = NO;
				DEBUG_INFORMATION_FORMAT = dwarf;
				ENABLE_STRICT_OBJC_MSGSEND = YES;
				ENABLE_TESTABILITY = YES;
				GCC_C_LANGUAGE_STANDARD = gnu11;
				GCC_DYNAMIC_NO_PIC = NO;
				GCC_NO_COMMON_BLOCKS = YES;
				GCC_OPTIMIZATION_LEVEL = 0;
				GCC_PREPROCESSOR_DEFINITIONS = (
					"DEBUG=1",
					"$(inherited)",
				);
				GCC_WARN_64_TO_32_BIT_CONVERSION = YES;
				GCC_WARN_ABOUT_RETURN_TYPE = YES_ERROR;
				GCC_WARN_UNDECLARED_SELECTOR = YES;
				GCC_WARN_UNINITIALIZED_AUTOS = YES_AGGRESSIVE;
				GCC_WARN_UNUSED_FUNCTION = YES;
				GCC_WARN_UNUSED_VARIABLE = YES;
				IPHONEOS_DEPLOYMENT_TARGET = 16.2;
				MTL_ENABLE_DEBUG_INFO = INCLUDE_SOURCE;
				MTL_FAST_MATH = YES;
				ONLY_ACTIVE_ARCH = YES;
				SDKROOT = iphoneos;
				SWIFT_ACTIVE_COMPILATION_CONDITIONS = DEBUG;
				SWIFT_OPTIMIZATION_LEVEL = "-Onone";
			};
			name = Debug;
		};
		7FF52B2029BFA21D00B7BF58 /* Release */ = {
			isa = XCBuildConfiguration;
			buildSettings = {
				ALWAYS_SEARCH_USER_PATHS = NO;
				CLANG_ANALYZER_NONNULL = YES;
				CLANG_ANALYZER_NUMBER_OBJECT_CONVERSION = YES_AGGRESSIVE;
				CLANG_CXX_LANGUAGE_STANDARD = "gnu++20";
				CLANG_ENABLE_MODULES = YES;
				CLANG_ENABLE_OBJC_ARC = YES;
				CLANG_ENABLE_OBJC_WEAK = YES;
				CLANG_WARN_BLOCK_CAPTURE_AUTORELEASING = YES;
				CLANG_WARN_BOOL_CONVERSION = YES;
				CLANG_WARN_COMMA = YES;
				CLANG_WARN_CONSTANT_CONVERSION = YES;
				CLANG_WARN_DEPRECATED_OBJC_IMPLEMENTATIONS = YES;
				CLANG_WARN_DIRECT_OBJC_ISA_USAGE = YES_ERROR;
				CLANG_WARN_DOCUMENTATION_COMMENTS = YES;
				CLANG_WARN_EMPTY_BODY = YES;
				CLANG_WARN_ENUM_CONVERSION = YES;
				CLANG_WARN_INFINITE_RECURSION = YES;
				CLANG_WARN_INT_CONVERSION = YES;
				CLANG_WARN_NON_LITERAL_NULL_CONVERSION = YES;
				CLANG_WARN_OBJC_IMPLICIT_RETAIN_SELF = YES;
				CLANG_WARN_OBJC_LITERAL_CONVERSION = YES;
				CLANG_WARN_OBJC_ROOT_CLASS = YES_ERROR;
				CLANG_WARN_QUOTED_INCLUDE_IN_FRAMEWORK_HEADER = YES;
				CLANG_WARN_RANGE_LOOP_ANALYSIS = YES;
				CLANG_WARN_STRICT_PROTOTYPES = YES;
				CLANG_WARN_SUSPICIOUS_MOVE = YES;
				CLANG_WARN_UNGUARDED_AVAILABILITY = YES_AGGRESSIVE;
				CLANG_WARN_UNREACHABLE_CODE = YES;
				CLANG_WARN__DUPLICATE_METHOD_MATCH = YES;
				COPY_PHASE_STRIP = NO;
				DEBUG_INFORMATION_FORMAT = "dwarf-with-dsym";
				ENABLE_NS_ASSERTIONS = NO;
				ENABLE_STRICT_OBJC_MSGSEND = YES;
				GCC_C_LANGUAGE_STANDARD = gnu11;
				GCC_NO_COMMON_BLOCKS = YES;
				GCC_WARN_64_TO_32_BIT_CONVERSION = YES;
				GCC_WARN_ABOUT_RETURN_TYPE = YES_ERROR;
				GCC_WARN_UNDECLARED_SELECTOR = YES;
				GCC_WARN_UNINITIALIZED_AUTOS = YES_AGGRESSIVE;
				GCC_WARN_UNUSED_FUNCTION = YES;
				GCC_WARN_UNUSED_VARIABLE = YES;
				IPHONEOS_DEPLOYMENT_TARGET = 16.2;
				MTL_ENABLE_DEBUG_INFO = NO;
				MTL_FAST_MATH = YES;
				SDKROOT = iphoneos;
				SWIFT_COMPILATION_MODE = wholemodule;
				SWIFT_OPTIMIZATION_LEVEL = "-O";
				VALIDATE_PRODUCT = YES;
			};
			name = Release;
		};
		7FF52B2229BFA21D00B7BF58 /* Debug */ = {
			isa = XCBuildConfiguration;
			buildSettings = {
				ASSETCATALOG_COMPILER_APPICON_NAME = AppIcon;
				ASSETCATALOG_COMPILER_GLOBAL_ACCENT_COLOR_NAME = AccentColor;
				CODE_SIGN_STYLE = Automatic;
				CURRENT_PROJECT_VERSION = 1;
				DEVELOPMENT_ASSET_PATHS = "\"xiv-turnins/Preview Content\"";
				DEVELOPMENT_TEAM = N33Z6K7M73;
				ENABLE_PREVIEWS = YES;
				GENERATE_INFOPLIST_FILE = YES;
				INFOPLIST_KEY_CFBundleDisplayName = "XIV Helper";
				INFOPLIST_KEY_LSApplicationCategoryType = "public.app-category.games";
				INFOPLIST_KEY_UIApplicationSceneManifest_Generation = YES;
				INFOPLIST_KEY_UIApplicationSupportsIndirectInputEvents = YES;
				INFOPLIST_KEY_UILaunchScreen_Generation = YES;
				INFOPLIST_KEY_UISupportedInterfaceOrientations_iPad = "UIInterfaceOrientationPortrait UIInterfaceOrientationPortraitUpsideDown UIInterfaceOrientationLandscapeLeft UIInterfaceOrientationLandscapeRight";
				INFOPLIST_KEY_UISupportedInterfaceOrientations_iPhone = "UIInterfaceOrientationPortrait UIInterfaceOrientationLandscapeLeft UIInterfaceOrientationLandscapeRight";
				LD_RUNPATH_SEARCH_PATHS = (
					"$(inherited)",
					"@executable_path/Frameworks",
				);
				MARKETING_VERSION = 0.1;
				PRODUCT_BUNDLE_IDENTIFIER = "hoerr.jared.xiv-turnins";
				PRODUCT_NAME = "$(TARGET_NAME)";
				SWIFT_EMIT_LOC_STRINGS = YES;
				SWIFT_VERSION = 5.0;
				TARGETED_DEVICE_FAMILY = "1,2";
			};
			name = Debug;
		};
		7FF52B2329BFA21D00B7BF58 /* Release */ = {
			isa = XCBuildConfiguration;
			buildSettings = {
				ASSETCATALOG_COMPILER_APPICON_NAME = AppIcon;
				ASSETCATALOG_COMPILER_GLOBAL_ACCENT_COLOR_NAME = AccentColor;
				CODE_SIGN_STYLE = Automatic;
				CURRENT_PROJECT_VERSION = 1;
				DEVELOPMENT_ASSET_PATHS = "\"xiv-turnins/Preview Content\"";
				DEVELOPMENT_TEAM = N33Z6K7M73;
				ENABLE_PREVIEWS = YES;
				GENERATE_INFOPLIST_FILE = YES;
				INFOPLIST_KEY_CFBundleDisplayName = "XIV Helper";
				INFOPLIST_KEY_LSApplicationCategoryType = "public.app-category.games";
				INFOPLIST_KEY_UIApplicationSceneManifest_Generation = YES;
				INFOPLIST_KEY_UIApplicationSupportsIndirectInputEvents = YES;
				INFOPLIST_KEY_UILaunchScreen_Generation = YES;
				INFOPLIST_KEY_UISupportedInterfaceOrientations_iPad = "UIInterfaceOrientationPortrait UIInterfaceOrientationPortraitUpsideDown UIInterfaceOrientationLandscapeLeft UIInterfaceOrientationLandscapeRight";
				INFOPLIST_KEY_UISupportedInterfaceOrientations_iPhone = "UIInterfaceOrientationPortrait UIInterfaceOrientationLandscapeLeft UIInterfaceOrientationLandscapeRight";
				LD_RUNPATH_SEARCH_PATHS = (
					"$(inherited)",
					"@executable_path/Frameworks",
				);
				MARKETING_VERSION = 0.1;
				PRODUCT_BUNDLE_IDENTIFIER = "hoerr.jared.xiv-turnins";
				PRODUCT_NAME = "$(TARGET_NAME)";
				SWIFT_EMIT_LOC_STRINGS = YES;
				SWIFT_VERSION = 5.0;
				TARGETED_DEVICE_FAMILY = "1,2";
			};
			name = Release;
		};
/* End XCBuildConfiguration section */

/* Begin XCConfigurationList section */
		7FF52B0E29BFA21C00B7BF58 /* Build configuration list for PBXProject "xiv-turnins" */ = {
			isa = XCConfigurationList;
			buildConfigurations = (
				7FF52B1F29BFA21D00B7BF58 /* Debug */,
				7FF52B2029BFA21D00B7BF58 /* Release */,
			);
			defaultConfigurationIsVisible = 0;
			defaultConfigurationName = Release;
		};
		7FF52B2129BFA21D00B7BF58 /* Build configuration list for PBXNativeTarget "xiv-turnins" */ = {
			isa = XCConfigurationList;
			buildConfigurations = (
				7FF52B2229BFA21D00B7BF58 /* Debug */,
				7FF52B2329BFA21D00B7BF58 /* Release */,
			);
			defaultConfigurationIsVisible = 0;
			defaultConfigurationName = Release;
		};
/* End XCConfigurationList section */
	};
	rootObject = 7FF52B0B29BFA21C00B7BF58 /* Project object */;
}
